
Microsoft Visual Studio Solution File, Format Version 12.00
# Visual Studio Version 17
VisualStudioVersion = 17.14.36705.20 d17.14
MinimumVisualStudioVersion = 10.0.40219.1
Project("{FAE04EC0-301F-11D3-BF4B-00C04F79EFBC}") = "syntactic-analyzer-app", "syntactic-analyzer-app.csproj", "{20A3F39B-ACE8-0715-05CE-88B3E635B2CA}"
EndProject
Global
	GlobalSection(SolutionConfigurationPlatforms) = preSolution
		Debug|Any CPU = Debug|Any CPU
		Release|Any CPU = Release|Any CPU
	EndGlobalSection
	GlobalSection(ProjectConfigurationPlatforms) = postSolution
		{20A3F39B-ACE8-0715-05CE-88B3E635B2CA}.Debug|Any CPU.ActiveCfg = Debug|Any CPU
		{20A3F39B-ACE8-0715-05CE-88B3E635B2CA}.Debug|Any CPU.Build.0 = Debug|Any CPU
		{20A3F39B-ACE8-0715-05CE-88B3E635B2CA}.Release|Any CPU.ActiveCfg = Release|Any CPU
		{20A3F39B-ACE8-0715-05CE-88B3E635B2CA}.Release|Any CPU.Build.0 = Release|Any CPU
	EndGlobalSection
	GlobalSection(SolutionProperties) = preSolution
		HideSolutionNode = FALSE
	EndGlobalSection
	GlobalSection(ExtensibilityGlobals) = postSolution
		SolutionGuid = {B9CA1B5E-E0C0-4B87-BCBE-1FDE60A84F84}
	EndGlobalSection
EndGlobal
